
Microsoft Visual Studio Solution File, Format Version 12.00
# Visual Studio Version 17
VisualStudioVersion = 17.11.35303.130
MinimumVisualStudioVersion = 10.0.40219.1
Project("{FAE04EC0-301F-11D3-BF4B-00C04F79EFBC}") = "Prueba - BETA", "Prueba - BETA.csproj", "{87C81020-50A2-446F-80A8-4409ABADCAEC}"
EndProject
Global
	GlobalSection(SolutionConfigurationPlatforms) = preSolution
		Debug|Any CPU = Debug|Any CPU
		Release|Any CPU = Release|Any CPU
	EndGlobalSection
	GlobalSection(ProjectConfigurationPlatforms) = postSolution
		{87C81020-50A2-446F-80A8-4409ABADCAEC}.Debug|Any CPU.ActiveCfg = Debug|Any CPU
		{87C81020-50A2-446F-80A8-4409ABADCAEC}.Debug|Any CPU.Build.0 = Debug|Any CPU
		{87C81020-50A2-446F-80A8-4409ABADCAEC}.Release|Any CPU.ActiveCfg = Release|Any CPU
		{87C81020-50A2-446F-80A8-4409ABADCAEC}.Release|Any CPU.Build.0 = Release|Any CPU
	EndGlobalSection
	GlobalSection(SolutionProperties) = preSolution
		HideSolutionNode = FALSE
	EndGlobalSection
	GlobalSection(ExtensibilityGlobals) = postSolution
		SolutionGuid = {265FA5DA-11E3-4A3D-BE3E-8E92EC1D6B34}
	EndGlobalSection
EndGlobal
